
Microsoft Visual Studio Solution File, Format Version 12.00
# Visual Studio Version 16
VisualStudioVersion = 16.0.31515.178
MinimumVisualStudioVersion = 10.0.40219.1
Project("{FAE04EC0-301F-11D3-BF4B-00C04F79EFBC}") = "Prueba", "Prueba.csproj", "{5AE930BA-BD7F-4190-8572-91D94B32CA40}"
EndProject
Global
	GlobalSection(SolutionConfigurationPlatforms) = preSolution
		Debug|Any CPU = Debug|Any CPU
		Release|Any CPU = Release|Any CPU
	EndGlobalSection
	GlobalSection(ProjectConfigurationPlatforms) = postSolution
		{5AE930BA-BD7F-4190-8572-91D94B32CA40}.Debug|Any CPU.ActiveCfg = Debug|Any CPU
		{5AE930BA-BD7F-4190-8572-91D94B32CA40}.Debug|Any CPU.Build.0 = Debug|Any CPU
		{5AE930BA-BD7F-4190-8572-91D94B32CA40}.Release|Any CPU.ActiveCfg = Release|Any CPU
		{5AE930BA-BD7F-4190-8572-91D94B32CA40}.Release|Any CPU.Build.0 = Release|Any CPU
	EndGlobalSection
	GlobalSection(SolutionProperties) = preSolution
		HideSolutionNode = FALSE
	EndGlobalSection
	GlobalSection(ExtensibilityGlobals) = postSolution
		SolutionGuid = {CAF4EC90-7D69-4919-8648-4CA20350069A}
	EndGlobalSection
EndGlobal
